
Microsoft Visual Studio Solution File, Format Version 12.00
# Visual Studio 15
VisualStudioVersion = 15.0.28307.168
MinimumVisualStudioVersion = 10.0.40219.1
Project("{FAE04EC0-301F-11D3-BF4B-00C04F79EFBC}") = "DistributionCarte", "DistributionCarte\DistributionCarte.csproj", "{3B238322-CDEF-4D10-AB12-CF3606C8F588}"
EndProject
Global
	GlobalSection(SolutionConfigurationPlatforms) = preSolution
		Debug|Any CPU = Debug|Any CPU
		Release|Any CPU = Release|Any CPU
	EndGlobalSection
	GlobalSection(ProjectConfigurationPlatforms) = postSolution
		{3B238322-CDEF-4D10-AB12-CF3606C8F588}.Debug|Any CPU.ActiveCfg = Debug|Any CPU
		{3B238322-CDEF-4D10-AB12-CF3606C8F588}.Debug|Any CPU.Build.0 = Debug|Any CPU
		{3B238322-CDEF-4D10-AB12-CF3606C8F588}.Release|Any CPU.ActiveCfg = Release|Any CPU
		{3B238322-CDEF-4D10-AB12-CF3606C8F588}.Release|Any CPU.Build.0 = Release|Any CPU
	EndGlobalSection
	GlobalSection(SolutionProperties) = preSolution
		HideSolutionNode = FALSE
	EndGlobalSection
	GlobalSection(ExtensibilityGlobals) = postSolution
		SolutionGuid = {5BF1549D-4372-4F54-8E20-07814BB21B05}
	EndGlobalSection
EndGlobal
